// !$*UTF8*$!
{
	archiveVersion = 1;
	classes = {
	};
	objectVersion = 48;
	objects = {

/* Begin PBXBuildFile section */
		3A0A345B828EECED4D2B8DF1 /* Pods_geoMessenger.framework in Frameworks */ = {isa = PBXBuildFile; fileRef = 3A31A344AD4D3337F92A6104 /* Pods_geoMessenger.framework */; };
		5CEC3A731F97F43B00CD62CF /* AppDelegate.swift in Sources */ = {isa = PBXBuildFile; fileRef = 5CEC3A721F97F43B00CD62CF /* AppDelegate.swift */; };
		5CEC3A751F97F43B00CD62CF /* FirstViewController.swift in Sources */ = {isa = PBXBuildFile; fileRef = 5CEC3A741F97F43B00CD62CF /* FirstViewController.swift */; };
		5CEC3A771F97F43B00CD62CF /* SecondViewController.swift in Sources */ = {isa = PBXBuildFile; fileRef = 5CEC3A761F97F43B00CD62CF /* SecondViewController.swift */; };
		5CEC3A7A1F97F43B00CD62CF /* Main.storyboard in Resources */ = {isa = PBXBuildFile; fileRef = 5CEC3A781F97F43B00CD62CF /* Main.storyboard */; };
		5CEC3A7C1F97F43B00CD62CF /* Assets.xcassets in Resources */ = {isa = PBXBuildFile; fileRef = 5CEC3A7B1F97F43B00CD62CF /* Assets.xcassets */; };
		5CEC3A7F1F97F43B00CD62CF /* LaunchScreen.storyboard in Resources */ = {isa = PBXBuildFile; fileRef = 5CEC3A7D1F97F43B00CD62CF /* LaunchScreen.storyboard */; };
		5CEC3A871F98069F00CD62CF /* Message.swift in Sources */ = {isa = PBXBuildFile; fileRef = 5CEC3A861F98069F00CD62CF /* Message.swift */; };
		5CEC3A891F980B8A00CD62CF /* MapViewExtension.swift in Sources */ = {isa = PBXBuildFile; fileRef = 5CEC3A881F980B8A00CD62CF /* MapViewExtension.swift */; };
		5CEC3A8B1F98130E00CD62CF /* GoogleService-Info.plist in Resources */ = {isa = PBXBuildFile; fileRef = 5CEC3A8A1F98130E00CD62CF /* GoogleService-Info.plist */; };
/* End PBXBuildFile section */

/* Begin PBXFileReference section */
		3A31A344AD4D3337F92A6104 /* Pods_geoMessenger.framework */ = {isa = PBXFileReference; explicitFileType = wrapper.framework; includeInIndex = 0; path = Pods_geoMessenger.framework; sourceTree = BUILT_PRODUCTS_DIR; };
		5CEC3A6F1F97F43B00CD62CF /* geoMessenger.app */ = {isa = PBXFileReference; explicitFileType = wrapper.application; includeInIndex = 0; path = geoMessenger.app; sourceTree = BUILT_PRODUCTS_DIR; };
		5CEC3A721F97F43B00CD62CF /* AppDelegate.swift */ = {isa = PBXFileReference; lastKnownFileType = sourcecode.swift; path = AppDelegate.swift; sourceTree = "<group>"; };
		5CEC3A741F97F43B00CD62CF /* FirstViewController.swift */ = {isa = PBXFileReference; lastKnownFileType = sourcecode.swift; path = FirstViewController.swift; sourceTree = "<group>"; };
		5CEC3A761F97F43B00CD62CF /* SecondViewController.swift */ = {isa = PBXFileReference; lastKnownFileType = sourcecode.swift; path = SecondViewController.swift; sourceTree = "<group>"; };
		5CEC3A791F97F43B00CD62CF /* Base */ = {isa = PBXFileReference; lastKnownFileType = file.storyboard; name = Base; path = Base.lproj/Main.storyboard; sourceTree = "<group>"; };
		5CEC3A7B1F97F43B00CD62CF /* Assets.xcassets */ = {isa = PBXFileReference; lastKnownFileType = folder.assetcatalog; path = Assets.xcassets; sourceTree = "<group>"; };
		5CEC3A7E1F97F43B00CD62CF /* Base */ = {isa = PBXFileReference; lastKnownFileType = file.storyboard; name = Base; path = Base.lproj/LaunchScreen.storyboard; sourceTree = "<group>"; };
		5CEC3A801F97F43B00CD62CF /* Info.plist */ = {isa = PBXFileReference; lastKnownFileType = text.plist.xml; path = Info.plist; sourceTree = "<group>"; };
		5CEC3A861F98069F00CD62CF /* Message.swift */ = {isa = PBXFileReference; lastKnownFileType = sourcecode.swift; path = Message.swift; sourceTree = "<group>"; };
		5CEC3A881F980B8A00CD62CF /* MapViewExtension.swift */ = {isa = PBXFileReference; lastKnownFileType = sourcecode.swift; path = MapViewExtension.swift; sourceTree = "<group>"; };
		5CEC3A8A1F98130E00CD62CF /* GoogleService-Info.plist */ = {isa = PBXFileReference; fileEncoding = 4; lastKnownFileType = text.plist.xml; path = "GoogleService-Info.plist"; sourceTree = "<group>"; };
		A22202D0D68D0DED9F2DD488 /* Pods-geoMessenger.debug.xcconfig */ = {isa = PBXFileReference; includeInIndex = 1; lastKnownFileType = text.xcconfig; name = "Pods-geoMessenger.debug.xcconfig"; path = "Pods/Target Support Files/Pods-geoMessenger/Pods-geoMessenger.debug.xcconfig"; sourceTree = "<group>"; };
		FF02ADACC2591CE91F4660CB /* Pods-geoMessenger.release.xcconfig */ = {isa = PBXFileReference; includeInIndex = 1; lastKnownFileType = text.xcconfig; name = "Pods-geoMessenger.release.xcconfig"; path = "Pods/Target Support Files/Pods-geoMessenger/Pods-geoMessenger.release.xcconfig"; sourceTree = "<group>"; };
/* End PBXFileReference section */

/* Begin PBXFrameworksBuildPhase section */
		5CEC3A6C1F97F43B00CD62CF /* Frameworks */ = {
			isa = PBXFrameworksBuildPhase;
			buildActionMask = 2147483647;
			files = (
				3A0A345B828EECED4D2B8DF1 /* Pods_geoMessenger.framework in Frameworks */,
			);
			runOnlyForDeploymentPostprocessing = 0;
		};
/* End PBXFrameworksBuildPhase section */

/* Begin PBXGroup section */
		5CEC3A661F97F43B00CD62CF = {
			isa = PBXGroup;
			children = (
				5CEC3A711F97F43B00CD62CF /* geoMessenger */,
				5CEC3A701F97F43B00CD62CF /* Products */,
				F5094FB129D2ED18F40485D0 /* Pods */,
				979E23BE2C9A05FE71B14F5A /* Frameworks */,
			);
			sourceTree = "<group>";
		};
		5CEC3A701F97F43B00CD62CF /* Products */ = {
			isa = PBXGroup;
			children = (
				5CEC3A6F1F97F43B00CD62CF /* geoMessenger.app */,
			);
			name = Products;
			sourceTree = "<group>";
		};
		5CEC3A711F97F43B00CD62CF /* geoMessenger */ = {
			isa = PBXGroup;
			children = (
				5CEC3A8A1F98130E00CD62CF /* GoogleService-Info.plist */,
				5CEC3A721F97F43B00CD62CF /* AppDelegate.swift */,
				5CEC3A741F97F43B00CD62CF /* FirstViewController.swift */,
				5CEC3A761F97F43B00CD62CF /* SecondViewController.swift */,
				5CEC3A781F97F43B00CD62CF /* Main.storyboard */,
				5CEC3A7B1F97F43B00CD62CF /* Assets.xcassets */,
				5CEC3A7D1F97F43B00CD62CF /* LaunchScreen.storyboard */,
				5CEC3A801F97F43B00CD62CF /* Info.plist */,
				5CEC3A861F98069F00CD62CF /* Message.swift */,
				5CEC3A881F980B8A00CD62CF /* MapViewExtension.swift */,
			);
			path = geoMessenger;
			sourceTree = "<group>";
		};
		979E23BE2C9A05FE71B14F5A /* Frameworks */ = {
			isa = PBXGroup;
			children = (
				3A31A344AD4D3337F92A6104 /* Pods_geoMessenger.framework */,
			);
			name = Frameworks;
			sourceTree = "<group>";
		};
		F5094FB129D2ED18F40485D0 /* Pods */ = {
			isa = PBXGroup;
			children = (
				A22202D0D68D0DED9F2DD488 /* Pods-geoMessenger.debug.xcconfig */,
				FF02ADACC2591CE91F4660CB /* Pods-geoMessenger.release.xcconfig */,
			);
			name = Pods;
			sourceTree = "<group>";
		};
/* End PBXGroup section */

/* Begin PBXNativeTarget section */
		5CEC3A6E1F97F43B00CD62CF /* geoMessenger */ = {
			isa = PBXNativeTarget;
			buildConfigurationList = 5CEC3A831F97F43B00CD62CF /* Build configuration list for PBXNativeTarget "geoMessenger" */;
			buildPhases = (
				01C8FAE8B6714BB0AFE13D03 /* [CP] Check Pods Manifest.lock */,
				5CEC3A6B1F97F43B00CD62CF /* Sources */,
				5CEC3A6C1F97F43B00CD62CF /* Frameworks */,
				5CEC3A6D1F97F43B00CD62CF /* Resources */,
				837925DD9F2AD8D07AA7EA73 /* [CP] Embed Pods Frameworks */,
				3E3F7B96FAD7C654447C01B3 /* [CP] Copy Pods Resources */,
			);
			buildRules = (
			);
			dependencies = (
			);
			name = geoMessenger;
			productName = geoMessenger;
			productReference = 5CEC3A6F1F97F43B00CD62CF /* geoMessenger.app */;
			productType = "com.apple.product-type.application";
		};
/* End PBXNativeTarget section */

/* Begin PBXProject section */
		5CEC3A671F97F43B00CD62CF /* Project object */ = {
			isa = PBXProject;
			attributes = {
				LastSwiftUpdateCheck = 0900;
				LastUpgradeCheck = 0900;
				ORGANIZATIONNAME = "Victoria Leaf";
				TargetAttributes = {
					5CEC3A6E1F97F43B00CD62CF = {
						CreatedOnToolsVersion = 9.0.1;
						ProvisioningStyle = Automatic;
					};
				};
			};
			buildConfigurationList = 5CEC3A6A1F97F43B00CD62CF /* Build configuration list for PBXProject "geoMessenger" */;
			compatibilityVersion = "Xcode 8.0";
			developmentRegion = en;
			hasScannedForEncodings = 0;
			knownRegions = (
				en,
				Base,
			);
			mainGroup = 5CEC3A661F97F43B00CD62CF;
			productRefGroup = 5CEC3A701F97F43B00CD62CF /* Products */;
			projectDirPath = "";
			projectRoot = "";
			targets = (
				5CEC3A6E1F97F43B00CD62CF /* geoMessenger */,
			);
		};
/* End PBXProject section */

/* Begin PBXResourcesBuildPhase section */
		5CEC3A6D1F97F43B00CD62CF /* Resources */ = {
			isa = PBXResourcesBuildPhase;
			buildActionMask = 2147483647;
			files = (
				5CEC3A7F1F97F43B00CD62CF /* LaunchScreen.storyboard in Resources */,
				5CEC3A7C1F97F43B00CD62CF /* Assets.xcassets in Resources */,
				5CEC3A8B1F98130E00CD62CF /* GoogleService-Info.plist in Resources */,
				5CEC3A7A1F97F43B00CD62CF /* Main.storyboard in Resources */,
			);
			runOnlyForDeploymentPostprocessing = 0;
		};
/* End PBXResourcesBuildPhase section */

/* Begin PBXShellScriptBuildPhase section */
		01C8FAE8B6714BB0AFE13D03 /* [CP] Check Pods Manifest.lock */ = {
			isa = PBXShellScriptBuildPhase;
			buildActionMask = 2147483647;
			files = (
			);
			inputPaths = (
				"${PODS_PODFILE_DIR_PATH}/Podfile.lock",
				"${PODS_ROOT}/Manifest.lock",
			);
			name = "[CP] Check Pods Manifest.lock";
			outputPaths = (
				"$(DERIVED_FILE_DIR)/Pods-geoMessenger-checkManifestLockResult.txt",
			);
			runOnlyForDeploymentPostprocessing = 0;
			shellPath = /bin/sh;
			shellScript = "diff \"${PODS_PODFILE_DIR_PATH}/Podfile.lock\" \"${PODS_ROOT}/Manifest.lock\" > /dev/null\nif [ $? != 0 ] ; then\n    # print error to STDERR\n    echo \"error: The sandbox is not in sync with the Podfile.lock. Run 'pod install' or update your CocoaPods installation.\" >&2\n    exit 1\nfi\n# This output is used by Xcode 'outputs' to avoid re-running this script phase.\necho \"SUCCESS\" > \"${SCRIPT_OUTPUT_FILE_0}\"\n";
			showEnvVarsInLog = 0;
		};
		3E3F7B96FAD7C654447C01B3 /* [CP] Copy Pods Resources */ = {
			isa = PBXShellScriptBuildPhase;
			buildActionMask = 2147483647;
			files = (
			);
			inputPaths = (
			);
			name = "[CP] Copy Pods Resources";
			outputPaths = (
			);
			runOnlyForDeploymentPostprocessing = 0;
			shellPath = /bin/sh;
			shellScript = "\"${SRCROOT}/Pods/Target Support Files/Pods-geoMessenger/Pods-geoMessenger-resources.sh\"\n";
			showEnvVarsInLog = 0;
		};
		837925DD9F2AD8D07AA7EA73 /* [CP] Embed Pods Frameworks */ = {
			isa = PBXShellScriptBuildPhase;
			buildActionMask = 2147483647;
			files = (
			);
			inputPaths = (
				"${SRCROOT}/Pods/Target Support Files/Pods-geoMessenger/Pods-geoMessenger-frameworks.sh",
				"${BUILT_PRODUCTS_DIR}/GTMSessionFetcher/GTMSessionFetcher.framework",
				"${BUILT_PRODUCTS_DIR}/GoogleToolboxForMac/GoogleToolboxForMac.framework",
				"${BUILT_PRODUCTS_DIR}/Protobuf/Protobuf.framework",
				"${BUILT_PRODUCTS_DIR}/leveldb-library/leveldb.framework",
				"${BUILT_PRODUCTS_DIR}/nanopb/nanopb.framework",
			);
			name = "[CP] Embed Pods Frameworks";
			outputPaths = (
				"${TARGET_BUILD_DIR}/${FRAMEWORKS_FOLDER_PATH}/GTMSessionFetcher.framework",
				"${TARGET_BUILD_DIR}/${FRAMEWORKS_FOLDER_PATH}/GoogleToolboxForMac.framework",
				"${TARGET_BUILD_DIR}/${FRAMEWORKS_FOLDER_PATH}/Protobuf.framework",
				"${TARGET_BUILD_DIR}/${FRAMEWORKS_FOLDER_PATH}/leveldb.framework",
				"${TARGET_BUILD_DIR}/${FRAMEWORKS_FOLDER_PATH}/nanopb.framework",
			);
			runOnlyForDeploymentPostprocessing = 0;
			shellPath = /bin/sh;
			shellScript = "\"${SRCROOT}/Pods/Target Support Files/Pods-geoMessenger/Pods-geoMessenger-frameworks.sh\"\n";
			showEnvVarsInLog = 0;
		};
/* End PBXShellScriptBuildPhase section */

/* Begin PBXSourcesBuildPhase section */
		5CEC3A6B1F97F43B00CD62CF /* Sources */ = {
			isa = PBXSourcesBuildPhase;
			buildActionMask = 2147483647;
			files = (
				5CEC3A771F97F43B00CD62CF /* SecondViewController.swift in Sources */,
				5CEC3A871F98069F00CD62CF /* Message.swift in Sources */,
				5CEC3A731F97F43B00CD62CF /* AppDelegate.swift in Sources */,
				5CEC3A891F980B8A00CD62CF /* MapViewExtension.swift in Sources */,
				5CEC3A751F97F43B00CD62CF /* FirstViewController.swift in Sources */,
			);
			runOnlyForDeploymentPostprocessing = 0;
		};
/* End PBXSourcesBuildPhase section */

/* Begin PBXVariantGroup section */
		5CEC3A781F97F43B00CD62CF /* Main.storyboard */ = {
			isa = PBXVariantGroup;
			children = (
				5CEC3A791F97F43B00CD62CF /* Base */,
			);
			name = Main.storyboard;
			sourceTree = "<group>";
		};
		5CEC3A7D1F97F43B00CD62CF /* LaunchScreen.storyboard */ = {
			isa = PBXVariantGroup;
			children = (
				5CEC3A7E1F97F43B00CD62CF /* Base */,
			);
			name = LaunchScreen.storyboard;
			sourceTree = "<group>";
		};
/* End PBXVariantGroup section */

/* Begin XCBuildConfiguration section */
		5CEC3A811F97F43B00CD62CF /* Debug */ = {
			isa = XCBuildConfiguration;
			buildSettings = {
				ALWAYS_SEARCH_USER_PATHS = NO;
				CLANG_ANALYZER_NONNULL = YES;
				CLANG_ANALYZER_NUMBER_OBJECT_CONVERSION = YES_AGGRESSIVE;
				CLANG_CXX_LANGUAGE_STANDARD = "gnu++14";
				CLANG_CXX_LIBRARY = "libc++";
				CLANG_ENABLE_MODULES = YES;
				CLANG_ENABLE_OBJC_ARC = YES;
				CLANG_WARN_BLOCK_CAPTURE_AUTORELEASING = YES;
				CLANG_WARN_BOOL_CONVERSION = YES;
				CLANG_WARN_COMMA = YES;
				CLANG_WARN_CONSTANT_CONVERSION = YES;
				CLANG_WARN_DIRECT_OBJC_ISA_USAGE = YES_ERROR;
				CLANG_WARN_DOCUMENTATION_COMMENTS = YES;
				CLANG_WARN_EMPTY_BODY = YES;
				CLANG_WARN_ENUM_CONVERSION = YES;
				CLANG_WARN_INFINITE_RECURSION = YES;
				CLANG_WARN_INT_CONVERSION = YES;
				CLANG_WARN_NON_LITERAL_NULL_CONVERSION = YES;
				CLANG_WARN_OBJC_LITERAL_CONVERSION = YES;
				CLANG_WARN_OBJC_ROOT_CLASS = YES_ERROR;
				CLANG_WARN_RANGE_LOOP_ANALYSIS = YES;
				CLANG_WARN_STRICT_PROTOTYPES = YES;
				CLANG_WARN_SUSPICIOUS_MOVE = YES;
				CLANG_WARN_UNGUARDED_AVAILABILITY = YES_AGGRESSIVE;
				CLANG_WARN_UNREACHABLE_CODE = YES;
				CLANG_WARN__DUPLICATE_METHOD_MATCH = YES;
				CODE_SIGN_IDENTITY = "iPhone Developer";
				COPY_PHASE_STRIP = NO;
				DEBUG_INFORMATION_FORMAT = dwarf;
				ENABLE_STRICT_OBJC_MSGSEND = YES;
				ENABLE_TESTABILITY = YES;
				GCC_C_LANGUAGE_STANDARD = gnu11;
				GCC_DYNAMIC_NO_PIC = NO;
				GCC_NO_COMMON_BLOCKS = YES;
				GCC_OPTIMIZATION_LEVEL = 0;
				GCC_PREPROCESSOR_DEFINITIONS = (
					"DEBUG=1",
					"$(inherited)",
				);
				GCC_WARN_64_TO_32_BIT_CONVERSION = YES;
				GCC_WARN_ABOUT_RETURN_TYPE = YES_ERROR;
				GCC_WARN_UNDECLARED_SELECTOR = YES;
				GCC_WARN_UNINITIALIZED_AUTOS = YES_AGGRESSIVE;
				GCC_WARN_UNUSED_FUNCTION = YES;
				GCC_WARN_UNUSED_VARIABLE = YES;
				IPHONEOS_DEPLOYMENT_TARGET = 11.0;
				MTL_ENABLE_DEBUG_INFO = YES;
				ONLY_ACTIVE_ARCH = YES;
				SDKROOT = iphoneos;
				SWIFT_ACTIVE_COMPILATION_CONDITIONS = DEBUG;
				SWIFT_OPTIMIZATION_LEVEL = "-Onone";
			};
			name = Debug;
		};
		5CEC3A821F97F43B00CD62CF /* Release */ = {
			isa = XCBuildConfiguration;
			buildSettings = {
				ALWAYS_SEARCH_USER_PATHS = NO;
				CLANG_ANALYZER_NONNULL = YES;
				CLANG_ANALYZER_NUMBER_OBJECT_CONVERSION = YES_AGGRESSIVE;
				CLANG_CXX_LANGUAGE_STANDARD = "gnu++14";
				CLANG_CXX_LIBRARY = "libc++";
				CLANG_ENABLE_MODULES = YES;
				CLANG_ENABLE_OBJC_ARC = YES;
				CLANG_WARN_BLOCK_CAPTURE_AUTORELEASING = YES;
				CLANG_WARN_BOOL_CONVERSION = YES;
				CLANG_WARN_COMMA = YES;
				CLANG_WARN_CONSTANT_CONVERSION = YES;
				CLANG_WARN_DIRECT_OBJC_ISA_USAGE = YES_ERROR;
				CLANG_WARN_DOCUMENTATION_COMMENTS = YES;
				CLANG_WARN_EMPTY_BODY = YES;
				CLANG_WARN_ENUM_CONVERSION = YES;
				CLANG_WARN_INFINITE_RECURSION = YES;
				CLANG_WARN_INT_CONVERSION = YES;
				CLANG_WARN_NON_LITERAL_NULL_CONVERSION = YES;
				CLANG_WARN_OBJC_LITERAL_CONVERSION = YES;
				CLANG_WARN_OBJC_ROOT_CLASS = YES_ERROR;
				CLANG_WARN_RANGE_LOOP_ANALYSIS = YES;
				CLANG_WARN_STRICT_PROTOTYPES = YES;
				CLANG_WARN_SUSPICIOUS_MOVE = YES;
				CLANG_WARN_UNGUARDED_AVAILABILITY = YES_AGGRESSIVE;
				CLANG_WARN_UNREACHABLE_CODE = YES;
				CLANG_WARN__DUPLICATE_METHOD_MATCH = YES;
				CODE_SIGN_IDENTITY = "iPhone Developer";
				COPY_PHASE_STRIP = NO;
				DEBUG_INFORMATION_FORMAT = "dwarf-with-dsym";
				ENABLE_NS_ASSERTIONS = NO;
				ENABLE_STRICT_OBJC_MSGSEND = YES;
				GCC_C_LANGUAGE_STANDARD = gnu11;
				GCC_NO_COMMON_BLOCKS = YES;
				GCC_WARN_64_TO_32_BIT_CONVERSION = YES;
				GCC_WARN_ABOUT_RETURN_TYPE = YES_ERROR;
				GCC_WARN_UNDECLARED_SELECTOR = YES;
				GCC_WARN_UNINITIALIZED_AUTOS = YES_AGGRESSIVE;
				GCC_WARN_UNUSED_FUNCTION = YES;
				GCC_WARN_UNUSED_VARIABLE = YES;
				IPHONEOS_DEPLOYMENT_TARGET = 11.0;
				MTL_ENABLE_DEBUG_INFO = NO;
				SDKROOT = iphoneos;
				SWIFT_OPTIMIZATION_LEVEL = "-Owholemodule";
				VALIDATE_PRODUCT = YES;
			};
			name = Release;
		};
		5CEC3A841F97F43B00CD62CF /* Debug */ = {
			isa = XCBuildConfiguration;
			baseConfigurationReference = A22202D0D68D0DED9F2DD488 /* Pods-geoMessenger.debug.xcconfig */;
			buildSettings = {
				ASSETCATALOG_COMPILER_APPICON_NAME = AppIcon;
				CODE_SIGN_STYLE = Automatic;
				INFOPLIST_FILE = geoMessenger/Info.plist;
				LD_RUNPATH_SEARCH_PATHS = "$(inherited) @executable_path/Frameworks";
				PRODUCT_BUNDLE_IDENTIFIER = com.leaf.geoMessenger;
				PRODUCT_NAME = "$(TARGET_NAME)";
				SWIFT_VERSION = 4.0;
				TARGETED_DEVICE_FAMILY = "1,2";
			};
			name = Debug;
		};
		5CEC3A851F97F43B00CD62CF /* Release */ = {
			isa = XCBuildConfiguration;
			baseConfigurationReference = FF02ADACC2591CE91F4660CB /* Pods-geoMessenger.release.xcconfig */;
			buildSettings = {
				ASSETCATALOG_COMPILER_APPICON_NAME = AppIcon;
				CODE_SIGN_STYLE = Automatic;
				INFOPLIST_FILE = geoMessenger/Info.plist;
				LD_RUNPATH_SEARCH_PATHS = "$(inherited) @executable_path/Frameworks";
				PRODUCT_BUNDLE_IDENTIFIER = com.leaf.geoMessenger;
				PRODUCT_NAME = "$(TARGET_NAME)";
				SWIFT_VERSION = 4.0;
				TARGETED_DEVICE_FAMILY = "1,2";
			};
			name = Release;
		};
/* End XCBuildConfiguration section */

/* Begin XCConfigurationList section */
		5CEC3A6A1F97F43B00CD62CF /* Build configuration list for PBXProject "geoMessenger" */ = {
			isa = XCConfigurationList;
			buildConfigurations = (
				5CEC3A811F97F43B00CD62CF /* Debug */,
				5CEC3A821F97F43B00CD62CF /* Release */,
			);
			defaultConfigurationIsVisible = 0;
			defaultConfigurationName = Release;
		};
		5CEC3A831F97F43B00CD62CF /* Build configuration list for PBXNativeTarget "geoMessenger" */ = {
			isa = XCConfigurationList;
			buildConfigurations = (
				5CEC3A841F97F43B00CD62CF /* Debug */,
				5CEC3A851F97F43B00CD62CF /* Release */,
			);
			defaultConfigurationIsVisible = 0;
			defaultConfigurationName = Release;
		};
/* End XCConfigurationList section */
	};
	rootObject = 5CEC3A671F97F43B00CD62CF /* Project object */;
}
